github.com/mrz1836/postmark v1.6.4 h1:x5g0zjFE1q1wOgZ3N22rtGMyfKd3GBo4O874cAUw6bQ=
github.com/mrz1836/postmark v1.6.4/go.mod h1:6z5MxAH00Kj44owtQaryv9Pbqp5OKT3wWcRSydB0p0A=
goji.io v2.0.2+incompatible h1:uIssv/elbKRLznFUy3Xj4+2Mz/qKhek/9aZQDUMae7c=
goji.io v2.0.2+incompatible/go.mod h1:sbqFwrtqZACxLBTQcdgVjFh54yGVCvwq8+w49MVMMIk=
